
Microsoft Visual Studio Solution File, Format Version 12.00
# Visual Studio Version 17
VisualStudioVersion = 17.12.35527.113
MinimumVisualStudioVersion = 10.0.40219.1
Project("{FAE04EC0-301F-11D3-BF4B-00C04F79EFBC}") = "Presentation", "Presentation\Presentation.csproj", "{BB603919-9F06-4EEC-8331-23950C7BEC9C}"
EndProject
Project("{FAE04EC0-301F-11D3-BF4B-00C04F79EFBC}") = "Domain", "Domain\Domain.csproj", "{C86A1F62-4466-48DC-9750-4CDA11C2141D}"
EndProject
Project("{FAE04EC0-301F-11D3-BF4B-00C04F79EFBC}") = "Infrastructure", "Infrastucture\Infrastructure.csproj", "{C290D77A-417C-498C-B070-E21E79B4DF48}"
EndProject
Project("{FAE04EC0-301F-11D3-BF4B-00C04F79EFBC}") = "Application", "Application\Application.csproj", "{0E0ADEB1-7C4E-4FF4-9A35-9BBA74C8D460}"
EndProject
Global
	GlobalSection(SolutionConfigurationPlatforms) = preSolution
		Debug|Any CPU = Debug|Any CPU
		Release|Any CPU = Release|Any CPU
	EndGlobalSection
	GlobalSection(ProjectConfigurationPlatforms) = postSolution
		{BB603919-9F06-4EEC-8331-23950C7BEC9C}.Debug|Any CPU.ActiveCfg = Debug|Any CPU
		{BB603919-9F06-4EEC-8331-23950C7BEC9C}.Debug|Any CPU.Build.0 = Debug|Any CPU
		{BB603919-9F06-4EEC-8331-23950C7BEC9C}.Release|Any CPU.ActiveCfg = Release|Any CPU
		{BB603919-9F06-4EEC-8331-23950C7BEC9C}.Release|Any CPU.Build.0 = Release|Any CPU
		{C86A1F62-4466-48DC-9750-4CDA11C2141D}.Debug|Any CPU.ActiveCfg = Debug|Any CPU
		{C86A1F62-4466-48DC-9750-4CDA11C2141D}.Debug|Any CPU.Build.0 = Debug|Any CPU
		{C86A1F62-4466-48DC-9750-4CDA11C2141D}.Release|Any CPU.ActiveCfg = Release|Any CPU
		{C86A1F62-4466-48DC-9750-4CDA11C2141D}.Release|Any CPU.Build.0 = Release|Any CPU
		{C290D77A-417C-498C-B070-E21E79B4DF48}.Debug|Any CPU.ActiveCfg = Debug|Any CPU
		{C290D77A-417C-498C-B070-E21E79B4DF48}.Debug|Any CPU.Build.0 = Debug|Any CPU
		{C290D77A-417C-498C-B070-E21E79B4DF48}.Release|Any CPU.ActiveCfg = Release|Any CPU
		{C290D77A-417C-498C-B070-E21E79B4DF48}.Release|Any CPU.Build.0 = Release|Any CPU
		{0E0ADEB1-7C4E-4FF4-9A35-9BBA74C8D460}.Debug|Any CPU.ActiveCfg = Debug|Any CPU
		{0E0ADEB1-7C4E-4FF4-9A35-9BBA74C8D460}.Debug|Any CPU.Build.0 = Debug|Any CPU
		{0E0ADEB1-7C4E-4FF4-9A35-9BBA74C8D460}.Release|Any CPU.ActiveCfg = Release|Any CPU
		{0E0ADEB1-7C4E-4FF4-9A35-9BBA74C8D460}.Release|Any CPU.Build.0 = Release|Any CPU
	EndGlobalSection
	GlobalSection(SolutionProperties) = preSolution
		HideSolutionNode = FALSE
	EndGlobalSection
EndGlobal
